
Microsoft Visual Studio Solution File, Format Version 12.00
# Visual Studio Version 17
VisualStudioVersion = 17.14.36301.6
MinimumVisualStudioVersion = 10.0.40219.1
Project("{2150E333-8FDC-42A3-9474-1A3956D46DE8}") = "Tp 1", "Tp 1", "{02EA681E-C7D8-13C7-8484-4AC65E1B71E8}"
EndProject
Project("{FAE04EC0-301F-11D3-BF4B-00C04F79EFBC}") = "Ejercicio 1", "Ejercicio 1\Ejercicio 1.csproj", "{BBA3DF96-1B66-4219-93F5-B07A8D4BB79D}"
EndProject
Project("{FAE04EC0-301F-11D3-BF4B-00C04F79EFBC}") = "Ejercicio2", "Ejercicio2\Ejercicio2.csproj", "{583D9630-6FD3-45B2-A400-9A8DA7444706}"
EndProject
Project("{2150E333-8FDC-42A3-9474-1A3956D46DE8}") = "Tp 2 Crud", "Tp 2 Crud", "{16D76101-C2DB-49F8-9D58-4C8A35DCE4C5}"
EndProject
Project("{FAE04EC0-301F-11D3-BF4B-00C04F79EFBC}") = "Tp2FrancoLucni", "Tp2FrancoLucni\Tp2FrancoLucni.csproj", "{8D7AA560-E8E7-41BE-8CCD-ACE76DFEBA51}"
EndProject
Project("{2150E333-8FDC-42A3-9474-1A3956D46DE8}") = "Practica Parcial Ado", "Practica Parcial Ado", "{7501E864-D65D-4C02-B7CC-70A48CC69FD4}"
EndProject
Project("{FAE04EC0-301F-11D3-BF4B-00C04F79EFBC}") = "Practica Ado", "Practica Ado\Practica Ado.csproj", "{69660A7D-CFCE-4A25-944E-6353F5E00497}"
EndProject
Global
	GlobalSection(SolutionConfigurationPlatforms) = preSolution
		Debug|Any CPU = Debug|Any CPU
		Release|Any CPU = Release|Any CPU
	EndGlobalSection
	GlobalSection(ProjectConfigurationPlatforms) = postSolution
		{BBA3DF96-1B66-4219-93F5-B07A8D4BB79D}.Debug|Any CPU.ActiveCfg = Debug|Any CPU
		{BBA3DF96-1B66-4219-93F5-B07A8D4BB79D}.Debug|Any CPU.Build.0 = Debug|Any CPU
		{BBA3DF96-1B66-4219-93F5-B07A8D4BB79D}.Release|Any CPU.ActiveCfg = Release|Any CPU
		{BBA3DF96-1B66-4219-93F5-B07A8D4BB79D}.Release|Any CPU.Build.0 = Release|Any CPU
		{583D9630-6FD3-45B2-A400-9A8DA7444706}.Debug|Any CPU.ActiveCfg = Debug|Any CPU
		{583D9630-6FD3-45B2-A400-9A8DA7444706}.Debug|Any CPU.Build.0 = Debug|Any CPU
		{583D9630-6FD3-45B2-A400-9A8DA7444706}.Release|Any CPU.ActiveCfg = Release|Any CPU
		{583D9630-6FD3-45B2-A400-9A8DA7444706}.Release|Any CPU.Build.0 = Release|Any CPU
		{8D7AA560-E8E7-41BE-8CCD-ACE76DFEBA51}.Debug|Any CPU.ActiveCfg = Debug|Any CPU
		{8D7AA560-E8E7-41BE-8CCD-ACE76DFEBA51}.Debug|Any CPU.Build.0 = Debug|Any CPU
		{8D7AA560-E8E7-41BE-8CCD-ACE76DFEBA51}.Release|Any CPU.ActiveCfg = Release|Any CPU
		{8D7AA560-E8E7-41BE-8CCD-ACE76DFEBA51}.Release|Any CPU.Build.0 = Release|Any CPU
		{69660A7D-CFCE-4A25-944E-6353F5E00497}.Debug|Any CPU.ActiveCfg = Debug|Any CPU
		{69660A7D-CFCE-4A25-944E-6353F5E00497}.Debug|Any CPU.Build.0 = Debug|Any CPU
		{69660A7D-CFCE-4A25-944E-6353F5E00497}.Release|Any CPU.ActiveCfg = Release|Any CPU
		{69660A7D-CFCE-4A25-944E-6353F5E00497}.Release|Any CPU.Build.0 = Release|Any CPU
	EndGlobalSection
	GlobalSection(SolutionProperties) = preSolution
		HideSolutionNode = FALSE
	EndGlobalSection
	GlobalSection(NestedProjects) = preSolution
		{BBA3DF96-1B66-4219-93F5-B07A8D4BB79D} = {02EA681E-C7D8-13C7-8484-4AC65E1B71E8}
		{583D9630-6FD3-45B2-A400-9A8DA7444706} = {02EA681E-C7D8-13C7-8484-4AC65E1B71E8}
		{8D7AA560-E8E7-41BE-8CCD-ACE76DFEBA51} = {16D76101-C2DB-49F8-9D58-4C8A35DCE4C5}
		{69660A7D-CFCE-4A25-944E-6353F5E00497} = {7501E864-D65D-4C02-B7CC-70A48CC69FD4}
	EndGlobalSection
	GlobalSection(ExtensibilityGlobals) = postSolution
		SolutionGuid = {54932B3F-25C2-4DEA-9260-32D099195AD2}
	EndGlobalSection
EndGlobal
